
Microsoft Visual Studio Solution File, Format Version 12.00
# Visual Studio Version 16
VisualStudioVersion = 16.0.30611.23
MinimumVisualStudioVersion = 10.0.40219.1
Project("{FAE04EC0-301F-11D3-BF4B-00C04F79EFBC}") = "ClientApp", "ClientApp\ClientApp.csproj", "{9C6534A8-3754-4DBA-BECD-D8E72F5FC51D}"
	ProjectSection(ProjectDependencies) = postProject
		{80039AB6-BF5A-4138-83C5-69331A56AC68} = {80039AB6-BF5A-4138-83C5-69331A56AC68}
	EndProjectSection
EndProject
Project("{FAE04EC0-301F-11D3-BF4B-00C04F79EFBC}") = "ClientClassLib", "ClientClassLib\ClientClassLib.csproj", "{80039AB6-BF5A-4138-83C5-69331A56AC68}"
EndProject
Global
	GlobalSection(SolutionConfigurationPlatforms) = preSolution
		Debug|Any CPU = Debug|Any CPU
		Release|Any CPU = Release|Any CPU
	EndGlobalSection
	GlobalSection(ProjectConfigurationPlatforms) = postSolution
		{9C6534A8-3754-4DBA-BECD-D8E72F5FC51D}.Debug|Any CPU.ActiveCfg = Debug|Any CPU
		{9C6534A8-3754-4DBA-BECD-D8E72F5FC51D}.Debug|Any CPU.Build.0 = Debug|Any CPU
		{9C6534A8-3754-4DBA-BECD-D8E72F5FC51D}.Release|Any CPU.ActiveCfg = Release|Any CPU
		{9C6534A8-3754-4DBA-BECD-D8E72F5FC51D}.Release|Any CPU.Build.0 = Release|Any CPU
		{80039AB6-BF5A-4138-83C5-69331A56AC68}.Debug|Any CPU.ActiveCfg = Debug|Any CPU
		{80039AB6-BF5A-4138-83C5-69331A56AC68}.Debug|Any CPU.Build.0 = Debug|Any CPU
		{80039AB6-BF5A-4138-83C5-69331A56AC68}.Release|Any CPU.ActiveCfg = Release|Any CPU
		{80039AB6-BF5A-4138-83C5-69331A56AC68}.Release|Any CPU.Build.0 = Release|Any CPU
	EndGlobalSection
	GlobalSection(SolutionProperties) = preSolution
		HideSolutionNode = FALSE
	EndGlobalSection
	GlobalSection(ExtensibilityGlobals) = postSolution
		SolutionGuid = {D797D160-F4C0-4B73-A278-A7B871CD338F}
	EndGlobalSection
EndGlobal
